
Microsoft Visual Studio Solution File, Format Version 12.00
# Visual Studio 15
Project("{FAE04EC0-301F-11D3-BF4B-00C04F79EFBC}") = "Task_1", "Task_1.csproj", "{1AF18144-66FA-4CBA-A3F0-2EEAE545E94A}"
EndProject
Global
	GlobalSection(SolutionConfigurationPlatforms) = preSolution
		Debug|Any CPU = Debug|Any CPU
		Release|Any CPU = Release|Any CPU
	EndGlobalSection
	GlobalSection(ProjectConfigurationPlatforms) = postSolution
		{1AF18144-66FA-4CBA-A3F0-2EEAE545E94A}.Debug|Any CPU.ActiveCfg = Debug|Any CPU
		{1AF18144-66FA-4CBA-A3F0-2EEAE545E94A}.Debug|Any CPU.Build.0 = Debug|Any CPU
		{1AF18144-66FA-4CBA-A3F0-2EEAE545E94A}.Release|Any CPU.ActiveCfg = Release|Any CPU
		{1AF18144-66FA-4CBA-A3F0-2EEAE545E94A}.Release|Any CPU.Build.0 = Release|Any CPU
	EndGlobalSection
EndGlobal
