
Microsoft Visual Studio Solution File, Format Version 12.00
# Visual Studio 15
Project("{FAE04EC0-301F-11D3-BF4B-00C04F79EFBC}") = "Num_7", "Num_7\Num_7.csproj", "{ADEEDF61-F0DD-4586-9D2A-32C19C42B578}"
EndProject
Project("{FAE04EC0-301F-11D3-BF4B-00C04F79EFBC}") = "Hw_1", "Hw_1\Hw_1.csproj", "{253CAA28-A76E-4E2E-A291-0B7BD5AF14A2}"
EndProject
Project("{FAE04EC0-301F-11D3-BF4B-00C04F79EFBC}") = "Hw_2", "Hw_2\Hw_2.csproj", "{CEB52075-CF78-4C40-B6AE-A671F5B142D9}"
EndProject
Project("{FAE04EC0-301F-11D3-BF4B-00C04F79EFBC}") = "Hw_3", "Hw_3\Hw_3.csproj", "{67F88965-ACBC-4971-9EB0-E4FAF5032AD0}"
EndProject
Project("{FAE04EC0-301F-11D3-BF4B-00C04F79EFBC}") = "Hw_4", "Hw_4\Hw_4.csproj", "{5243A302-149A-436A-8088-32F87D8EAF64}"
EndProject
Project("{FAE04EC0-301F-11D3-BF4B-00C04F79EFBC}") = "Num_6", "Num_6\Num_6.csproj", "{F9422FC4-CB65-4820-876E-08EC5B60AE03}"
EndProject
Global
	GlobalSection(SolutionConfigurationPlatforms) = preSolution
		Debug|Any CPU = Debug|Any CPU
		Release|Any CPU = Release|Any CPU
	EndGlobalSection
	GlobalSection(ProjectConfigurationPlatforms) = postSolution
		{ADEEDF61-F0DD-4586-9D2A-32C19C42B578}.Debug|Any CPU.ActiveCfg = Debug|Any CPU
		{ADEEDF61-F0DD-4586-9D2A-32C19C42B578}.Debug|Any CPU.Build.0 = Debug|Any CPU
		{ADEEDF61-F0DD-4586-9D2A-32C19C42B578}.Release|Any CPU.ActiveCfg = Release|Any CPU
		{ADEEDF61-F0DD-4586-9D2A-32C19C42B578}.Release|Any CPU.Build.0 = Release|Any CPU
		{253CAA28-A76E-4E2E-A291-0B7BD5AF14A2}.Debug|Any CPU.ActiveCfg = Debug|Any CPU
		{253CAA28-A76E-4E2E-A291-0B7BD5AF14A2}.Debug|Any CPU.Build.0 = Debug|Any CPU
		{253CAA28-A76E-4E2E-A291-0B7BD5AF14A2}.Release|Any CPU.ActiveCfg = Release|Any CPU
		{253CAA28-A76E-4E2E-A291-0B7BD5AF14A2}.Release|Any CPU.Build.0 = Release|Any CPU
		{CEB52075-CF78-4C40-B6AE-A671F5B142D9}.Debug|Any CPU.ActiveCfg = Debug|Any CPU
		{CEB52075-CF78-4C40-B6AE-A671F5B142D9}.Debug|Any CPU.Build.0 = Debug|Any CPU
		{CEB52075-CF78-4C40-B6AE-A671F5B142D9}.Release|Any CPU.ActiveCfg = Release|Any CPU
		{CEB52075-CF78-4C40-B6AE-A671F5B142D9}.Release|Any CPU.Build.0 = Release|Any CPU
		{67F88965-ACBC-4971-9EB0-E4FAF5032AD0}.Debug|Any CPU.ActiveCfg = Debug|Any CPU
		{67F88965-ACBC-4971-9EB0-E4FAF5032AD0}.Debug|Any CPU.Build.0 = Debug|Any CPU
		{67F88965-ACBC-4971-9EB0-E4FAF5032AD0}.Release|Any CPU.ActiveCfg = Release|Any CPU
		{67F88965-ACBC-4971-9EB0-E4FAF5032AD0}.Release|Any CPU.Build.0 = Release|Any CPU
		{5243A302-149A-436A-8088-32F87D8EAF64}.Debug|Any CPU.ActiveCfg = Debug|Any CPU
		{5243A302-149A-436A-8088-32F87D8EAF64}.Debug|Any CPU.Build.0 = Debug|Any CPU
		{5243A302-149A-436A-8088-32F87D8EAF64}.Release|Any CPU.ActiveCfg = Release|Any CPU
		{5243A302-149A-436A-8088-32F87D8EAF64}.Release|Any CPU.Build.0 = Release|Any CPU
		{F9422FC4-CB65-4820-876E-08EC5B60AE03}.Debug|Any CPU.ActiveCfg = Debug|Any CPU
		{F9422FC4-CB65-4820-876E-08EC5B60AE03}.Debug|Any CPU.Build.0 = Debug|Any CPU
		{F9422FC4-CB65-4820-876E-08EC5B60AE03}.Release|Any CPU.ActiveCfg = Release|Any CPU
		{F9422FC4-CB65-4820-876E-08EC5B60AE03}.Release|Any CPU.Build.0 = Release|Any CPU
	EndGlobalSection
EndGlobal
