
Microsoft Visual Studio Solution File, Format Version 12.00
# Visual Studio 15
Project("{FAE04EC0-301F-11D3-BF4B-00C04F79EFBC}") = "Task_9", "Homework_03.10\Task_9.csproj", "{53E13A83-7C02-4755-ACF3-4A9DBF61F719}"
EndProject
Project("{FAE04EC0-301F-11D3-BF4B-00C04F79EFBC}") = "Task_11", "Task_11\Task_11.csproj", "{B386BE5F-FA25-4B12-8F5C-9B9F44BE5DCA}"
EndProject
Project("{FAE04EC0-301F-11D3-BF4B-00C04F79EFBC}") = "Task_13", "Task_13\Task_13.csproj", "{09A74F28-66C5-4EE3-AB19-81A17A76D041}"
EndProject
Project("{FAE04EC0-301F-11D3-BF4B-00C04F79EFBC}") = "Task_16", "Task_16\Task_16.csproj", "{2B3AE983-86C7-48AE-A9AE-82DE87F32A29}"
EndProject
Project("{FAE04EC0-301F-11D3-BF4B-00C04F79EFBC}") = "Task_20", "Task_20\Task_20.csproj", "{A1FE5955-433A-4F23-BF98-A5F26E811321}"
EndProject
Project("{FAE04EC0-301F-11D3-BF4B-00C04F79EFBC}") = "Sem_04_Task_1a", "Sem_04_Task_1a\Sem_04_Task_1a.csproj", "{60672F4F-C796-4C51-A732-5063511B9708}"
EndProject
Project("{FAE04EC0-301F-11D3-BF4B-00C04F79EFBC}") = "Sem_04_Task_1b", "Sem_04_Task_1b\Sem_04_Task_1b.csproj", "{BD24DF61-CC3B-403F-8467-F04AB53B8682}"
EndProject
Project("{FAE04EC0-301F-11D3-BF4B-00C04F79EFBC}") = "Sem_04_Task_1c", "Sem_04_Task_1c\Sem_04_Task_1c.csproj", "{4C27CF4A-4D1B-43A3-8F0C-763D9B30929B}"
EndProject
Project("{FAE04EC0-301F-11D3-BF4B-00C04F79EFBC}") = "Sem_04_Task_2", "Sem_04_Task_2\Sem_04_Task_2.csproj", "{E150F32C-162F-4312-964D-FFF367F243FC}"
EndProject
Project("{FAE04EC0-301F-11D3-BF4B-00C04F79EFBC}") = "Sem_04_Task_3a", "Sem_04_Task_3a\Sem_04_Task_3a.csproj", "{E98924FE-FBA0-4185-9012-E0112361921F}"
EndProject
Project("{FAE04EC0-301F-11D3-BF4B-00C04F79EFBC}") = "Sem_04_Task_3b", "Sem_04_Task_3b\Sem_04_Task_3b.csproj", "{BC2EA6BE-3ED0-45AA-8F13-4729AF04F694}"
EndProject
Project("{FAE04EC0-301F-11D3-BF4B-00C04F79EFBC}") = "Sem_04_Task_4a", "Sem_04_Task_4a\Sem_04_Task_4a.csproj", "{AB639F80-1779-48C2-97B2-EB0C6D134A1F}"
EndProject
Project("{FAE04EC0-301F-11D3-BF4B-00C04F79EFBC}") = "Sem_04_Task_4b", "Sem_04_Task_4b\Sem_04_Task_4b.csproj", "{1272AA6B-7246-43C5-B688-DC8EDC5B0591}"
EndProject
Project("{FAE04EC0-301F-11D3-BF4B-00C04F79EFBC}") = "Sem_04_Task_4c", "Sem_04_Task_4c\Sem_04_Task_4c.csproj", "{F0CB0721-4397-4441-95E1-F49B967A41D8}"
EndProject
Project("{FAE04EC0-301F-11D3-BF4B-00C04F79EFBC}") = "Sem_04_Task_5a", "Sem_04_Task_5a\Sem_04_Task_5a.csproj", "{4DC1359E-69EB-495F-88C1-5A71F2949BD3}"
EndProject
Project("{FAE04EC0-301F-11D3-BF4B-00C04F79EFBC}") = "Sem_04_Task_5b", "Sem_04_Task5b\Sem_04_Task_5b.csproj", "{87AF404B-CFA1-43B9-8F89-6B2C7FB7C87E}"
EndProject
Project("{FAE04EC0-301F-11D3-BF4B-00C04F79EFBC}") = "Sem_04_Task_5c", "Sem_04_Task_5c\Sem_04_Task_5c.csproj", "{1D3A8375-65FE-42C5-BDB2-4BB4DA7AA929}"
EndProject
Project("{FAE04EC0-301F-11D3-BF4B-00C04F79EFBC}") = "Sem_04_Task_5d", "Sem_04_Task_5d\Sem_04_Task_5d.csproj", "{ADDCD3B0-745E-45F4-92A3-62CDFE64062C}"
EndProject
Project("{FAE04EC0-301F-11D3-BF4B-00C04F79EFBC}") = "Sem_04_Task_6", "Sem_04_Task_6\Sem_04_Task_6.csproj", "{4F3EF045-D125-4F90-9EFE-5736F742A24A}"
EndProject
Global
	GlobalSection(SolutionConfigurationPlatforms) = preSolution
		Debug|Any CPU = Debug|Any CPU
		Release|Any CPU = Release|Any CPU
	EndGlobalSection
	GlobalSection(ProjectConfigurationPlatforms) = postSolution
		{53E13A83-7C02-4755-ACF3-4A9DBF61F719}.Debug|Any CPU.ActiveCfg = Debug|Any CPU
		{53E13A83-7C02-4755-ACF3-4A9DBF61F719}.Debug|Any CPU.Build.0 = Debug|Any CPU
		{53E13A83-7C02-4755-ACF3-4A9DBF61F719}.Release|Any CPU.ActiveCfg = Release|Any CPU
		{53E13A83-7C02-4755-ACF3-4A9DBF61F719}.Release|Any CPU.Build.0 = Release|Any CPU
		{B386BE5F-FA25-4B12-8F5C-9B9F44BE5DCA}.Debug|Any CPU.ActiveCfg = Debug|Any CPU
		{B386BE5F-FA25-4B12-8F5C-9B9F44BE5DCA}.Debug|Any CPU.Build.0 = Debug|Any CPU
		{B386BE5F-FA25-4B12-8F5C-9B9F44BE5DCA}.Release|Any CPU.ActiveCfg = Release|Any CPU
		{B386BE5F-FA25-4B12-8F5C-9B9F44BE5DCA}.Release|Any CPU.Build.0 = Release|Any CPU
		{09A74F28-66C5-4EE3-AB19-81A17A76D041}.Debug|Any CPU.ActiveCfg = Debug|Any CPU
		{09A74F28-66C5-4EE3-AB19-81A17A76D041}.Debug|Any CPU.Build.0 = Debug|Any CPU
		{09A74F28-66C5-4EE3-AB19-81A17A76D041}.Release|Any CPU.ActiveCfg = Release|Any CPU
		{09A74F28-66C5-4EE3-AB19-81A17A76D041}.Release|Any CPU.Build.0 = Release|Any CPU
		{2B3AE983-86C7-48AE-A9AE-82DE87F32A29}.Debug|Any CPU.ActiveCfg = Debug|Any CPU
		{2B3AE983-86C7-48AE-A9AE-82DE87F32A29}.Debug|Any CPU.Build.0 = Debug|Any CPU
		{2B3AE983-86C7-48AE-A9AE-82DE87F32A29}.Release|Any CPU.ActiveCfg = Release|Any CPU
		{2B3AE983-86C7-48AE-A9AE-82DE87F32A29}.Release|Any CPU.Build.0 = Release|Any CPU
		{A1FE5955-433A-4F23-BF98-A5F26E811321}.Debug|Any CPU.ActiveCfg = Debug|Any CPU
		{A1FE5955-433A-4F23-BF98-A5F26E811321}.Debug|Any CPU.Build.0 = Debug|Any CPU
		{A1FE5955-433A-4F23-BF98-A5F26E811321}.Release|Any CPU.ActiveCfg = Release|Any CPU
		{A1FE5955-433A-4F23-BF98-A5F26E811321}.Release|Any CPU.Build.0 = Release|Any CPU
		{60672F4F-C796-4C51-A732-5063511B9708}.Debug|Any CPU.ActiveCfg = Debug|Any CPU
		{60672F4F-C796-4C51-A732-5063511B9708}.Debug|Any CPU.Build.0 = Debug|Any CPU
		{60672F4F-C796-4C51-A732-5063511B9708}.Release|Any CPU.ActiveCfg = Release|Any CPU
		{60672F4F-C796-4C51-A732-5063511B9708}.Release|Any CPU.Build.0 = Release|Any CPU
		{BD24DF61-CC3B-403F-8467-F04AB53B8682}.Debug|Any CPU.ActiveCfg = Debug|Any CPU
		{BD24DF61-CC3B-403F-8467-F04AB53B8682}.Debug|Any CPU.Build.0 = Debug|Any CPU
		{BD24DF61-CC3B-403F-8467-F04AB53B8682}.Release|Any CPU.ActiveCfg = Release|Any CPU
		{BD24DF61-CC3B-403F-8467-F04AB53B8682}.Release|Any CPU.Build.0 = Release|Any CPU
		{4C27CF4A-4D1B-43A3-8F0C-763D9B30929B}.Debug|Any CPU.ActiveCfg = Debug|Any CPU
		{4C27CF4A-4D1B-43A3-8F0C-763D9B30929B}.Debug|Any CPU.Build.0 = Debug|Any CPU
		{4C27CF4A-4D1B-43A3-8F0C-763D9B30929B}.Release|Any CPU.ActiveCfg = Release|Any CPU
		{4C27CF4A-4D1B-43A3-8F0C-763D9B30929B}.Release|Any CPU.Build.0 = Release|Any CPU
		{E150F32C-162F-4312-964D-FFF367F243FC}.Debug|Any CPU.ActiveCfg = Debug|Any CPU
		{E150F32C-162F-4312-964D-FFF367F243FC}.Debug|Any CPU.Build.0 = Debug|Any CPU
		{E150F32C-162F-4312-964D-FFF367F243FC}.Release|Any CPU.ActiveCfg = Release|Any CPU
		{E150F32C-162F-4312-964D-FFF367F243FC}.Release|Any CPU.Build.0 = Release|Any CPU
		{E98924FE-FBA0-4185-9012-E0112361921F}.Debug|Any CPU.ActiveCfg = Debug|Any CPU
		{E98924FE-FBA0-4185-9012-E0112361921F}.Debug|Any CPU.Build.0 = Debug|Any CPU
		{E98924FE-FBA0-4185-9012-E0112361921F}.Release|Any CPU.ActiveCfg = Release|Any CPU
		{E98924FE-FBA0-4185-9012-E0112361921F}.Release|Any CPU.Build.0 = Release|Any CPU
		{BC2EA6BE-3ED0-45AA-8F13-4729AF04F694}.Debug|Any CPU.ActiveCfg = Debug|Any CPU
		{BC2EA6BE-3ED0-45AA-8F13-4729AF04F694}.Debug|Any CPU.Build.0 = Debug|Any CPU
		{BC2EA6BE-3ED0-45AA-8F13-4729AF04F694}.Release|Any CPU.ActiveCfg = Release|Any CPU
		{BC2EA6BE-3ED0-45AA-8F13-4729AF04F694}.Release|Any CPU.Build.0 = Release|Any CPU
		{AB639F80-1779-48C2-97B2-EB0C6D134A1F}.Debug|Any CPU.ActiveCfg = Debug|Any CPU
		{AB639F80-1779-48C2-97B2-EB0C6D134A1F}.Debug|Any CPU.Build.0 = Debug|Any CPU
		{AB639F80-1779-48C2-97B2-EB0C6D134A1F}.Release|Any CPU.ActiveCfg = Release|Any CPU
		{AB639F80-1779-48C2-97B2-EB0C6D134A1F}.Release|Any CPU.Build.0 = Release|Any CPU
		{1272AA6B-7246-43C5-B688-DC8EDC5B0591}.Debug|Any CPU.ActiveCfg = Debug|Any CPU
		{1272AA6B-7246-43C5-B688-DC8EDC5B0591}.Debug|Any CPU.Build.0 = Debug|Any CPU
		{1272AA6B-7246-43C5-B688-DC8EDC5B0591}.Release|Any CPU.ActiveCfg = Release|Any CPU
		{1272AA6B-7246-43C5-B688-DC8EDC5B0591}.Release|Any CPU.Build.0 = Release|Any CPU
		{F0CB0721-4397-4441-95E1-F49B967A41D8}.Debug|Any CPU.ActiveCfg = Debug|Any CPU
		{F0CB0721-4397-4441-95E1-F49B967A41D8}.Debug|Any CPU.Build.0 = Debug|Any CPU
		{F0CB0721-4397-4441-95E1-F49B967A41D8}.Release|Any CPU.ActiveCfg = Release|Any CPU
		{F0CB0721-4397-4441-95E1-F49B967A41D8}.Release|Any CPU.Build.0 = Release|Any CPU
		{4DC1359E-69EB-495F-88C1-5A71F2949BD3}.Debug|Any CPU.ActiveCfg = Debug|Any CPU
		{4DC1359E-69EB-495F-88C1-5A71F2949BD3}.Debug|Any CPU.Build.0 = Debug|Any CPU
		{4DC1359E-69EB-495F-88C1-5A71F2949BD3}.Release|Any CPU.ActiveCfg = Release|Any CPU
		{4DC1359E-69EB-495F-88C1-5A71F2949BD3}.Release|Any CPU.Build.0 = Release|Any CPU
		{87AF404B-CFA1-43B9-8F89-6B2C7FB7C87E}.Debug|Any CPU.ActiveCfg = Debug|Any CPU
		{87AF404B-CFA1-43B9-8F89-6B2C7FB7C87E}.Debug|Any CPU.Build.0 = Debug|Any CPU
		{87AF404B-CFA1-43B9-8F89-6B2C7FB7C87E}.Release|Any CPU.ActiveCfg = Release|Any CPU
		{87AF404B-CFA1-43B9-8F89-6B2C7FB7C87E}.Release|Any CPU.Build.0 = Release|Any CPU
		{1D3A8375-65FE-42C5-BDB2-4BB4DA7AA929}.Debug|Any CPU.ActiveCfg = Debug|Any CPU
		{1D3A8375-65FE-42C5-BDB2-4BB4DA7AA929}.Debug|Any CPU.Build.0 = Debug|Any CPU
		{1D3A8375-65FE-42C5-BDB2-4BB4DA7AA929}.Release|Any CPU.ActiveCfg = Release|Any CPU
		{1D3A8375-65FE-42C5-BDB2-4BB4DA7AA929}.Release|Any CPU.Build.0 = Release|Any CPU
		{ADDCD3B0-745E-45F4-92A3-62CDFE64062C}.Debug|Any CPU.ActiveCfg = Debug|Any CPU
		{ADDCD3B0-745E-45F4-92A3-62CDFE64062C}.Debug|Any CPU.Build.0 = Debug|Any CPU
		{ADDCD3B0-745E-45F4-92A3-62CDFE64062C}.Release|Any CPU.ActiveCfg = Release|Any CPU
		{ADDCD3B0-745E-45F4-92A3-62CDFE64062C}.Release|Any CPU.Build.0 = Release|Any CPU
		{4F3EF045-D125-4F90-9EFE-5736F742A24A}.Debug|Any CPU.ActiveCfg = Debug|Any CPU
		{4F3EF045-D125-4F90-9EFE-5736F742A24A}.Debug|Any CPU.Build.0 = Debug|Any CPU
		{4F3EF045-D125-4F90-9EFE-5736F742A24A}.Release|Any CPU.ActiveCfg = Release|Any CPU
		{4F3EF045-D125-4F90-9EFE-5736F742A24A}.Release|Any CPU.Build.0 = Release|Any CPU
	EndGlobalSection
EndGlobal
