
Microsoft Visual Studio Solution File, Format Version 12.00
# Visual Studio 15
Project("{FAE04EC0-301F-11D3-BF4B-00C04F79EFBC}") = "Task_1", "Task_1.csproj", "{909789F4-1779-4716-B299-28E89E766565}"
EndProject
Project("{FAE04EC0-301F-11D3-BF4B-00C04F79EFBC}") = "Task_2", "..\Task_2\Task_2.csproj", "{B9BF1117-A947-4D1B-A928-0A5B303A6807}"
EndProject
Global
	GlobalSection(SolutionConfigurationPlatforms) = preSolution
		Debug|Any CPU = Debug|Any CPU
		Release|Any CPU = Release|Any CPU
	EndGlobalSection
	GlobalSection(ProjectConfigurationPlatforms) = postSolution
		{909789F4-1779-4716-B299-28E89E766565}.Debug|Any CPU.ActiveCfg = Debug|Any CPU
		{909789F4-1779-4716-B299-28E89E766565}.Debug|Any CPU.Build.0 = Debug|Any CPU
		{909789F4-1779-4716-B299-28E89E766565}.Release|Any CPU.ActiveCfg = Release|Any CPU
		{909789F4-1779-4716-B299-28E89E766565}.Release|Any CPU.Build.0 = Release|Any CPU
		{B9BF1117-A947-4D1B-A928-0A5B303A6807}.Debug|Any CPU.ActiveCfg = Debug|Any CPU
		{B9BF1117-A947-4D1B-A928-0A5B303A6807}.Debug|Any CPU.Build.0 = Debug|Any CPU
		{B9BF1117-A947-4D1B-A928-0A5B303A6807}.Release|Any CPU.ActiveCfg = Release|Any CPU
		{B9BF1117-A947-4D1B-A928-0A5B303A6807}.Release|Any CPU.Build.0 = Release|Any CPU
	EndGlobalSection
EndGlobal
