
Microsoft Visual Studio Solution File, Format Version 12.00
# Visual Studio 15
Project("{FAE04EC0-301F-11D3-BF4B-00C04F79EFBC}") = "Homework_2_01", "Homework_2.1\Homework_2_01.csproj", "{C1BB044A-6A7A-4CA6-BF79-8506EF818300}"
EndProject
Project("{FAE04EC0-301F-11D3-BF4B-00C04F79EFBC}") = "Homework_2_02", "Homework_2_02\Homework_2_02.csproj", "{2E51A518-6518-43AD-90D2-75E65C682A7F}"
EndProject
Project("{FAE04EC0-301F-11D3-BF4B-00C04F79EFBC}") = "Homework_2_03", "Homework_2_03\Homework_2_03.csproj", "{0DCF6B30-A51F-4965-906D-E1198645C139}"
EndProject
Project("{FAE04EC0-301F-11D3-BF4B-00C04F79EFBC}") = "Homework_2_04", "Homework_2_04\Homework_2_04.csproj", "{A7FB8E00-1142-4166-9CFF-EDE9F10BBD79}"
EndProject
Project("{FAE04EC0-301F-11D3-BF4B-00C04F79EFBC}") = "Homework_2_05", "Homework_2_05\Homework_2_05.csproj", "{8D020278-0D2A-423E-B9E9-88D59CB07495}"
EndProject
Project("{FAE04EC0-301F-11D3-BF4B-00C04F79EFBC}") = "Homework_2_06", "Homework_2_06\Homework_2_06.csproj", "{98F5B0C6-D390-4BB3-84F4-28E693D78768}"
EndProject
Project("{FAE04EC0-301F-11D3-BF4B-00C04F79EFBC}") = "Homework_2_07", "Homework_2_07\Homework_2_07.csproj", "{46E3CE2A-4AC5-49EA-BD96-1E7489AAB360}"
EndProject
Global
	GlobalSection(SolutionConfigurationPlatforms) = preSolution
		Debug|Any CPU = Debug|Any CPU
		Release|Any CPU = Release|Any CPU
	EndGlobalSection
	GlobalSection(ProjectConfigurationPlatforms) = postSolution
		{C1BB044A-6A7A-4CA6-BF79-8506EF818300}.Debug|Any CPU.ActiveCfg = Debug|Any CPU
		{C1BB044A-6A7A-4CA6-BF79-8506EF818300}.Debug|Any CPU.Build.0 = Debug|Any CPU
		{C1BB044A-6A7A-4CA6-BF79-8506EF818300}.Release|Any CPU.ActiveCfg = Release|Any CPU
		{C1BB044A-6A7A-4CA6-BF79-8506EF818300}.Release|Any CPU.Build.0 = Release|Any CPU
		{2E51A518-6518-43AD-90D2-75E65C682A7F}.Debug|Any CPU.ActiveCfg = Debug|Any CPU
		{2E51A518-6518-43AD-90D2-75E65C682A7F}.Debug|Any CPU.Build.0 = Debug|Any CPU
		{2E51A518-6518-43AD-90D2-75E65C682A7F}.Release|Any CPU.ActiveCfg = Release|Any CPU
		{2E51A518-6518-43AD-90D2-75E65C682A7F}.Release|Any CPU.Build.0 = Release|Any CPU
		{0DCF6B30-A51F-4965-906D-E1198645C139}.Debug|Any CPU.ActiveCfg = Debug|Any CPU
		{0DCF6B30-A51F-4965-906D-E1198645C139}.Debug|Any CPU.Build.0 = Debug|Any CPU
		{0DCF6B30-A51F-4965-906D-E1198645C139}.Release|Any CPU.ActiveCfg = Release|Any CPU
		{0DCF6B30-A51F-4965-906D-E1198645C139}.Release|Any CPU.Build.0 = Release|Any CPU
		{A7FB8E00-1142-4166-9CFF-EDE9F10BBD79}.Debug|Any CPU.ActiveCfg = Debug|Any CPU
		{A7FB8E00-1142-4166-9CFF-EDE9F10BBD79}.Debug|Any CPU.Build.0 = Debug|Any CPU
		{A7FB8E00-1142-4166-9CFF-EDE9F10BBD79}.Release|Any CPU.ActiveCfg = Release|Any CPU
		{A7FB8E00-1142-4166-9CFF-EDE9F10BBD79}.Release|Any CPU.Build.0 = Release|Any CPU
		{8D020278-0D2A-423E-B9E9-88D59CB07495}.Debug|Any CPU.ActiveCfg = Debug|Any CPU
		{8D020278-0D2A-423E-B9E9-88D59CB07495}.Debug|Any CPU.Build.0 = Debug|Any CPU
		{8D020278-0D2A-423E-B9E9-88D59CB07495}.Release|Any CPU.ActiveCfg = Release|Any CPU
		{8D020278-0D2A-423E-B9E9-88D59CB07495}.Release|Any CPU.Build.0 = Release|Any CPU
		{98F5B0C6-D390-4BB3-84F4-28E693D78768}.Debug|Any CPU.ActiveCfg = Debug|Any CPU
		{98F5B0C6-D390-4BB3-84F4-28E693D78768}.Debug|Any CPU.Build.0 = Debug|Any CPU
		{98F5B0C6-D390-4BB3-84F4-28E693D78768}.Release|Any CPU.ActiveCfg = Release|Any CPU
		{98F5B0C6-D390-4BB3-84F4-28E693D78768}.Release|Any CPU.Build.0 = Release|Any CPU
		{46E3CE2A-4AC5-49EA-BD96-1E7489AAB360}.Debug|Any CPU.ActiveCfg = Debug|Any CPU
		{46E3CE2A-4AC5-49EA-BD96-1E7489AAB360}.Debug|Any CPU.Build.0 = Debug|Any CPU
		{46E3CE2A-4AC5-49EA-BD96-1E7489AAB360}.Release|Any CPU.ActiveCfg = Release|Any CPU
		{46E3CE2A-4AC5-49EA-BD96-1E7489AAB360}.Release|Any CPU.Build.0 = Release|Any CPU
	EndGlobalSection
EndGlobal
