
Microsoft Visual Studio Solution File, Format Version 12.00
# Visual Studio Version 16
VisualStudioVersion = 16.0.808.5
MinimumVisualStudioVersion = 10.0.40219.1
Project("{FAE04EC0-301F-11D3-BF4B-00C04F79EFBC}") = "task_1", "task_1\task_1.csproj", "{D23BB77A-7510-45F0-89A5-EA8494C8C4CD}"
EndProject
Project("{FAE04EC0-301F-11D3-BF4B-00C04F79EFBC}") = "task_5", "task_5\task_5.csproj", "{691221A5-FCBB-429A-A706-E000715EF404}"
EndProject
Project("{FAE04EC0-301F-11D3-BF4B-00C04F79EFBC}") = "task_voter", "task_voter\task_voter.csproj", "{82AAC4C2-779A-4DD9-BCA6-399ED79FE9BB}"
EndProject
Global
	GlobalSection(SolutionConfigurationPlatforms) = preSolution
		Debug|Any CPU = Debug|Any CPU
		Release|Any CPU = Release|Any CPU
	EndGlobalSection
	GlobalSection(ProjectConfigurationPlatforms) = postSolution
		{D23BB77A-7510-45F0-89A5-EA8494C8C4CD}.Debug|Any CPU.ActiveCfg = Debug|Any CPU
		{D23BB77A-7510-45F0-89A5-EA8494C8C4CD}.Debug|Any CPU.Build.0 = Debug|Any CPU
		{D23BB77A-7510-45F0-89A5-EA8494C8C4CD}.Release|Any CPU.ActiveCfg = Release|Any CPU
		{D23BB77A-7510-45F0-89A5-EA8494C8C4CD}.Release|Any CPU.Build.0 = Release|Any CPU
		{691221A5-FCBB-429A-A706-E000715EF404}.Debug|Any CPU.ActiveCfg = Debug|Any CPU
		{691221A5-FCBB-429A-A706-E000715EF404}.Debug|Any CPU.Build.0 = Debug|Any CPU
		{691221A5-FCBB-429A-A706-E000715EF404}.Release|Any CPU.ActiveCfg = Release|Any CPU
		{691221A5-FCBB-429A-A706-E000715EF404}.Release|Any CPU.Build.0 = Release|Any CPU
		{82AAC4C2-779A-4DD9-BCA6-399ED79FE9BB}.Debug|Any CPU.ActiveCfg = Debug|Any CPU
		{82AAC4C2-779A-4DD9-BCA6-399ED79FE9BB}.Debug|Any CPU.Build.0 = Debug|Any CPU
		{82AAC4C2-779A-4DD9-BCA6-399ED79FE9BB}.Release|Any CPU.ActiveCfg = Release|Any CPU
		{82AAC4C2-779A-4DD9-BCA6-399ED79FE9BB}.Release|Any CPU.Build.0 = Release|Any CPU
	EndGlobalSection
	GlobalSection(SolutionProperties) = preSolution
		HideSolutionNode = FALSE
	EndGlobalSection
	GlobalSection(ExtensibilityGlobals) = postSolution
		SolutionGuid = {36E8B32D-8F6E-4C67-BF46-31A6E580BE4E}
	EndGlobalSection
EndGlobal
