
Microsoft Visual Studio Solution File, Format Version 12.00
# Visual Studio 15
Project("{FAE04EC0-301F-11D3-BF4B-00C04F79EFBC}") = "Num_3", "Num_3\Num_3.csproj", "{6F38EE73-C0D0-4586-8128-536FD51F3A33}"
EndProject
Project("{FAE04EC0-301F-11D3-BF4B-00C04F79EFBC}") = "Num_6", "Num_6\Num_6.csproj", "{2D5760A1-5085-4F2D-BA5E-C62ED9D4897A}"
EndProject
Project("{FAE04EC0-301F-11D3-BF4B-00C04F79EFBC}") = "Num_7", "Num_7\Num_7.csproj", "{73BABBCC-BD2A-4785-9949-4EC97123C833}"
EndProject
Project("{FAE04EC0-301F-11D3-BF4B-00C04F79EFBC}") = "hw_p13_1", "hw_1\hw_p13_1.csproj", "{99599848-51D2-4CA1-AA7C-D8061E2000B0}"
EndProject
Project("{FAE04EC0-301F-11D3-BF4B-00C04F79EFBC}") = "hw_p13_2", "hw_2\hw_p13_2.csproj", "{3FDAE8FF-BA62-4A1C-9BDF-EE03133230D4}"
EndProject
Project("{FAE04EC0-301F-11D3-BF4B-00C04F79EFBC}") = "hw_p14_1", "hw_3\hw_p14_1.csproj", "{D7B8F3A6-6CD8-46E4-81C3-A60D3192FFF3}"
EndProject
Project("{FAE04EC0-301F-11D3-BF4B-00C04F79EFBC}") = "hw_p14_2", "hw_p14_2\hw_p14_2.csproj", "{4EFBA725-71B1-465C-81FF-14311AC34D97}"
EndProject
Project("{FAE04EC0-301F-11D3-BF4B-00C04F79EFBC}") = "hw_p14_3", "hw_p14_3\hw_p14_3.csproj", "{92D3991D-65B4-4118-A821-7E7E97F60E56}"
EndProject
Project("{FAE04EC0-301F-11D3-BF4B-00C04F79EFBC}") = "hw_p14_4", "hw_p14_4\hw_p14_4.csproj", "{217DFCCB-29EE-4EA6-BBD2-8E7602893471}"
EndProject
Global
	GlobalSection(SolutionConfigurationPlatforms) = preSolution
		Debug|Any CPU = Debug|Any CPU
		Release|Any CPU = Release|Any CPU
	EndGlobalSection
	GlobalSection(ProjectConfigurationPlatforms) = postSolution
		{6F38EE73-C0D0-4586-8128-536FD51F3A33}.Debug|Any CPU.ActiveCfg = Debug|Any CPU
		{6F38EE73-C0D0-4586-8128-536FD51F3A33}.Debug|Any CPU.Build.0 = Debug|Any CPU
		{6F38EE73-C0D0-4586-8128-536FD51F3A33}.Release|Any CPU.ActiveCfg = Release|Any CPU
		{6F38EE73-C0D0-4586-8128-536FD51F3A33}.Release|Any CPU.Build.0 = Release|Any CPU
		{2D5760A1-5085-4F2D-BA5E-C62ED9D4897A}.Debug|Any CPU.ActiveCfg = Debug|Any CPU
		{2D5760A1-5085-4F2D-BA5E-C62ED9D4897A}.Debug|Any CPU.Build.0 = Debug|Any CPU
		{2D5760A1-5085-4F2D-BA5E-C62ED9D4897A}.Release|Any CPU.ActiveCfg = Release|Any CPU
		{2D5760A1-5085-4F2D-BA5E-C62ED9D4897A}.Release|Any CPU.Build.0 = Release|Any CPU
		{73BABBCC-BD2A-4785-9949-4EC97123C833}.Debug|Any CPU.ActiveCfg = Debug|Any CPU
		{73BABBCC-BD2A-4785-9949-4EC97123C833}.Debug|Any CPU.Build.0 = Debug|Any CPU
		{73BABBCC-BD2A-4785-9949-4EC97123C833}.Release|Any CPU.ActiveCfg = Release|Any CPU
		{73BABBCC-BD2A-4785-9949-4EC97123C833}.Release|Any CPU.Build.0 = Release|Any CPU
		{99599848-51D2-4CA1-AA7C-D8061E2000B0}.Debug|Any CPU.ActiveCfg = Debug|Any CPU
		{99599848-51D2-4CA1-AA7C-D8061E2000B0}.Debug|Any CPU.Build.0 = Debug|Any CPU
		{99599848-51D2-4CA1-AA7C-D8061E2000B0}.Release|Any CPU.ActiveCfg = Release|Any CPU
		{99599848-51D2-4CA1-AA7C-D8061E2000B0}.Release|Any CPU.Build.0 = Release|Any CPU
		{3FDAE8FF-BA62-4A1C-9BDF-EE03133230D4}.Debug|Any CPU.ActiveCfg = Debug|Any CPU
		{3FDAE8FF-BA62-4A1C-9BDF-EE03133230D4}.Debug|Any CPU.Build.0 = Debug|Any CPU
		{3FDAE8FF-BA62-4A1C-9BDF-EE03133230D4}.Release|Any CPU.ActiveCfg = Release|Any CPU
		{3FDAE8FF-BA62-4A1C-9BDF-EE03133230D4}.Release|Any CPU.Build.0 = Release|Any CPU
		{D7B8F3A6-6CD8-46E4-81C3-A60D3192FFF3}.Debug|Any CPU.ActiveCfg = Debug|Any CPU
		{D7B8F3A6-6CD8-46E4-81C3-A60D3192FFF3}.Debug|Any CPU.Build.0 = Debug|Any CPU
		{D7B8F3A6-6CD8-46E4-81C3-A60D3192FFF3}.Release|Any CPU.ActiveCfg = Release|Any CPU
		{D7B8F3A6-6CD8-46E4-81C3-A60D3192FFF3}.Release|Any CPU.Build.0 = Release|Any CPU
		{4EFBA725-71B1-465C-81FF-14311AC34D97}.Debug|Any CPU.ActiveCfg = Debug|Any CPU
		{4EFBA725-71B1-465C-81FF-14311AC34D97}.Debug|Any CPU.Build.0 = Debug|Any CPU
		{4EFBA725-71B1-465C-81FF-14311AC34D97}.Release|Any CPU.ActiveCfg = Release|Any CPU
		{4EFBA725-71B1-465C-81FF-14311AC34D97}.Release|Any CPU.Build.0 = Release|Any CPU
		{92D3991D-65B4-4118-A821-7E7E97F60E56}.Debug|Any CPU.ActiveCfg = Debug|Any CPU
		{92D3991D-65B4-4118-A821-7E7E97F60E56}.Debug|Any CPU.Build.0 = Debug|Any CPU
		{92D3991D-65B4-4118-A821-7E7E97F60E56}.Release|Any CPU.ActiveCfg = Release|Any CPU
		{92D3991D-65B4-4118-A821-7E7E97F60E56}.Release|Any CPU.Build.0 = Release|Any CPU
		{217DFCCB-29EE-4EA6-BBD2-8E7602893471}.Debug|Any CPU.ActiveCfg = Debug|Any CPU
		{217DFCCB-29EE-4EA6-BBD2-8E7602893471}.Debug|Any CPU.Build.0 = Debug|Any CPU
		{217DFCCB-29EE-4EA6-BBD2-8E7602893471}.Release|Any CPU.ActiveCfg = Release|Any CPU
		{217DFCCB-29EE-4EA6-BBD2-8E7602893471}.Release|Any CPU.Build.0 = Release|Any CPU
	EndGlobalSection
EndGlobal
