
Microsoft Visual Studio Solution File, Format Version 12.00
# Visual Studio 15
Project("{FAE04EC0-301F-11D3-BF4B-00C04F79EFBC}") = "Task_7", "Task_7.csproj", "{6C883621-7A26-48AC-8395-C28CCA3D0720}"
EndProject
Project("{FAE04EC0-301F-11D3-BF4B-00C04F79EFBC}") = "Task_8", "Task_8\Task_8.csproj", "{3FF0FBF1-2F33-4348-816A-D083EADF76F5}"
EndProject
Global
	GlobalSection(SolutionConfigurationPlatforms) = preSolution
		Debug|Any CPU = Debug|Any CPU
		Release|Any CPU = Release|Any CPU
	EndGlobalSection
	GlobalSection(ProjectConfigurationPlatforms) = postSolution
		{6C883621-7A26-48AC-8395-C28CCA3D0720}.Debug|Any CPU.ActiveCfg = Debug|Any CPU
		{6C883621-7A26-48AC-8395-C28CCA3D0720}.Debug|Any CPU.Build.0 = Debug|Any CPU
		{6C883621-7A26-48AC-8395-C28CCA3D0720}.Release|Any CPU.ActiveCfg = Release|Any CPU
		{6C883621-7A26-48AC-8395-C28CCA3D0720}.Release|Any CPU.Build.0 = Release|Any CPU
		{3FF0FBF1-2F33-4348-816A-D083EADF76F5}.Debug|Any CPU.ActiveCfg = Debug|Any CPU
		{3FF0FBF1-2F33-4348-816A-D083EADF76F5}.Debug|Any CPU.Build.0 = Debug|Any CPU
		{3FF0FBF1-2F33-4348-816A-D083EADF76F5}.Release|Any CPU.ActiveCfg = Release|Any CPU
		{3FF0FBF1-2F33-4348-816A-D083EADF76F5}.Release|Any CPU.Build.0 = Release|Any CPU
	EndGlobalSection
EndGlobal
