
Microsoft Visual Studio Solution File, Format Version 12.00
# Visual Studio Version 16
VisualStudioVersion = 16.0.808.8
MinimumVisualStudioVersion = 10.0.40219.1
Project("{FAE04EC0-301F-11D3-BF4B-00C04F79EFBC}") = "Task_1", "Task_1\Task_1.csproj", "{DF6387D7-150B-4165-9D3C-7B322BAD1000}"
EndProject
Project("{FAE04EC0-301F-11D3-BF4B-00C04F79EFBC}") = "Task_2", "Task_2\Task_2.csproj", "{E188DCB7-B23A-488D-9C78-5C93137DCA06}"
EndProject
Global
	GlobalSection(SolutionConfigurationPlatforms) = preSolution
		Debug|Any CPU = Debug|Any CPU
		Release|Any CPU = Release|Any CPU
	EndGlobalSection
	GlobalSection(ProjectConfigurationPlatforms) = postSolution
		{DF6387D7-150B-4165-9D3C-7B322BAD1000}.Debug|Any CPU.ActiveCfg = Debug|Any CPU
		{DF6387D7-150B-4165-9D3C-7B322BAD1000}.Debug|Any CPU.Build.0 = Debug|Any CPU
		{DF6387D7-150B-4165-9D3C-7B322BAD1000}.Release|Any CPU.ActiveCfg = Release|Any CPU
		{DF6387D7-150B-4165-9D3C-7B322BAD1000}.Release|Any CPU.Build.0 = Release|Any CPU
		{E188DCB7-B23A-488D-9C78-5C93137DCA06}.Debug|Any CPU.ActiveCfg = Debug|Any CPU
		{E188DCB7-B23A-488D-9C78-5C93137DCA06}.Debug|Any CPU.Build.0 = Debug|Any CPU
		{E188DCB7-B23A-488D-9C78-5C93137DCA06}.Release|Any CPU.ActiveCfg = Release|Any CPU
		{E188DCB7-B23A-488D-9C78-5C93137DCA06}.Release|Any CPU.Build.0 = Release|Any CPU
	EndGlobalSection
	GlobalSection(SolutionProperties) = preSolution
		HideSolutionNode = FALSE
	EndGlobalSection
	GlobalSection(ExtensibilityGlobals) = postSolution
		SolutionGuid = {6781CE9B-02F1-4CD0-B96E-1EB3DC372988}
	EndGlobalSection
EndGlobal
