
Microsoft Visual Studio Solution File, Format Version 12.00
# Visual Studio 15
Project("{FAE04EC0-301F-11D3-BF4B-00C04F79EFBC}") = "Task_3", "Task_3.csproj", "{EE547DCE-3420-4C13-842A-077E0387E12A}"
EndProject
Project("{FAE04EC0-301F-11D3-BF4B-00C04F79EFBC}") = "Task_2_arrays", "..\Task_2_arrays\Task_2_arrays.csproj", "{3167CE03-5C4C-43B3-AE9B-77D16D6A5F10}"
EndProject
Project("{FAE04EC0-301F-11D3-BF4B-00C04F79EFBC}") = "Task_7_arrays", "..\Task_7_arrays\Task_7_arrays.csproj", "{07A32A8E-DC65-432C-8F38-D83F8475C97F}"
EndProject
Global
	GlobalSection(SolutionConfigurationPlatforms) = preSolution
		Debug|Any CPU = Debug|Any CPU
		Release|Any CPU = Release|Any CPU
	EndGlobalSection
	GlobalSection(ProjectConfigurationPlatforms) = postSolution
		{EE547DCE-3420-4C13-842A-077E0387E12A}.Debug|Any CPU.ActiveCfg = Debug|Any CPU
		{EE547DCE-3420-4C13-842A-077E0387E12A}.Debug|Any CPU.Build.0 = Debug|Any CPU
		{EE547DCE-3420-4C13-842A-077E0387E12A}.Release|Any CPU.ActiveCfg = Release|Any CPU
		{EE547DCE-3420-4C13-842A-077E0387E12A}.Release|Any CPU.Build.0 = Release|Any CPU
		{3167CE03-5C4C-43B3-AE9B-77D16D6A5F10}.Debug|Any CPU.ActiveCfg = Debug|Any CPU
		{3167CE03-5C4C-43B3-AE9B-77D16D6A5F10}.Debug|Any CPU.Build.0 = Debug|Any CPU
		{3167CE03-5C4C-43B3-AE9B-77D16D6A5F10}.Release|Any CPU.ActiveCfg = Release|Any CPU
		{3167CE03-5C4C-43B3-AE9B-77D16D6A5F10}.Release|Any CPU.Build.0 = Release|Any CPU
		{07A32A8E-DC65-432C-8F38-D83F8475C97F}.Debug|Any CPU.ActiveCfg = Debug|Any CPU
		{07A32A8E-DC65-432C-8F38-D83F8475C97F}.Debug|Any CPU.Build.0 = Debug|Any CPU
		{07A32A8E-DC65-432C-8F38-D83F8475C97F}.Release|Any CPU.ActiveCfg = Release|Any CPU
		{07A32A8E-DC65-432C-8F38-D83F8475C97F}.Release|Any CPU.Build.0 = Release|Any CPU
	EndGlobalSection
EndGlobal
